
Microsoft Visual Studio Solution File, Format Version 12.00
# Visual Studio 15
VisualStudioVersion = 15.0.26906.1
MinimumVisualStudioVersion = 10.0.40219.1
Project("{FAE04EC0-301F-11D3-BF4B-00C04F79EFBC}") = "PracaMagisterska.WPF", "PracaMagisterska.WPF\PracaMagisterska.WPF.csproj", "{E164E3FC-DB70-4CE1-824A-3F868419EE07}"
EndProject
Global
	GlobalSection(SolutionConfigurationPlatforms) = preSolution
		Debug|Any CPU = Debug|Any CPU
		Release|Any CPU = Release|Any CPU
	EndGlobalSection
	GlobalSection(ProjectConfigurationPlatforms) = postSolution
		{E164E3FC-DB70-4CE1-824A-3F868419EE07}.Debug|Any CPU.ActiveCfg = Debug|Any CPU
		{E164E3FC-DB70-4CE1-824A-3F868419EE07}.Debug|Any CPU.Build.0 = Debug|Any CPU
		{E164E3FC-DB70-4CE1-824A-3F868419EE07}.Release|Any CPU.ActiveCfg = Release|Any CPU
		{E164E3FC-DB70-4CE1-824A-3F868419EE07}.Release|Any CPU.Build.0 = Release|Any CPU
	EndGlobalSection
	GlobalSection(SolutionProperties) = preSolution
		HideSolutionNode = FALSE
	EndGlobalSection
	GlobalSection(ExtensibilityGlobals) = postSolution
		SolutionGuid = {8B684225-E10E-40BB-97C6-E152E91B3A26}
	EndGlobalSection
EndGlobal
